
Microsoft Visual Studio Solution File, Format Version 12.00
Project("{FAE04EC0-301F-11D3-BF4B-00C04F79EFBC}") = "SomeLib", "SomeLib\SomeLib.csproj", "{70E7AC48-FC9B-48D9-95EA-3DA76FF558D1}"
EndProject
Project("{2150E333-8FDC-42A3-9474-1A3956D46DE8}") = "src", "src", "{CF5496D8-1FD0-4EB6-A620-32BEBA270F94}"
EndProject
Project("{FAE04EC0-301F-11D3-BF4B-00C04F79EFBC}") = "SomeLibTest", "SomeLibTest\SomeLibTest.csproj", "{0E9775B9-E82C-473A-8A29-EBAED2A1D059}"
EndProject
Global
	GlobalSection(SolutionConfigurationPlatforms) = preSolution
		Debug|Any CPU = Debug|Any CPU
		Release|Any CPU = Release|Any CPU
	EndGlobalSection
	GlobalSection(ProjectConfigurationPlatforms) = postSolution
		{70E7AC48-FC9B-48D9-95EA-3DA76FF558D1}.Debug|Any CPU.ActiveCfg = Debug|Any CPU
		{70E7AC48-FC9B-48D9-95EA-3DA76FF558D1}.Debug|Any CPU.Build.0 = Debug|Any CPU
		{70E7AC48-FC9B-48D9-95EA-3DA76FF558D1}.Release|Any CPU.ActiveCfg = Release|Any CPU
		{70E7AC48-FC9B-48D9-95EA-3DA76FF558D1}.Release|Any CPU.Build.0 = Release|Any CPU
		{0E9775B9-E82C-473A-8A29-EBAED2A1D059}.Debug|Any CPU.ActiveCfg = Debug|Any CPU
		{0E9775B9-E82C-473A-8A29-EBAED2A1D059}.Debug|Any CPU.Build.0 = Debug|Any CPU
		{0E9775B9-E82C-473A-8A29-EBAED2A1D059}.Release|Any CPU.ActiveCfg = Release|Any CPU
		{0E9775B9-E82C-473A-8A29-EBAED2A1D059}.Release|Any CPU.Build.0 = Release|Any CPU
	EndGlobalSection
	GlobalSection(NestedProjects) = preSolution
		{70E7AC48-FC9B-48D9-95EA-3DA76FF558D1} = {CF5496D8-1FD0-4EB6-A620-32BEBA270F94}
	EndGlobalSection
EndGlobal
